
Microsoft Visual Studio Solution File, Format Version 12.00
# Visual Studio 14
VisualStudioVersion = 14.0.25123.0
MinimumVisualStudioVersion = 10.0.40219.1
Project("{FAE04EC0-301F-11D3-BF4B-00C04F79EFBC}") = "Agenda", "Agenda\Agenda.csproj", "{5C078CA4-A98C-4DCD-B949-BA61376F6DCB}"
EndProject
Project("{FAE04EC0-301F-11D3-BF4B-00C04F79EFBC}") = "Utilitarios", "Utilitarios\Utilitarios.csproj", "{581E4D0F-2A87-4D78-905B-BFCD4D1CB983}"
EndProject
Global
	GlobalSection(SolutionConfigurationPlatforms) = preSolution
		Debug|Any CPU = Debug|Any CPU
		Release|Any CPU = Release|Any CPU
	EndGlobalSection
	GlobalSection(ProjectConfigurationPlatforms) = postSolution
		{5C078CA4-A98C-4DCD-B949-BA61376F6DCB}.Debug|Any CPU.ActiveCfg = Debug|Any CPU
		{5C078CA4-A98C-4DCD-B949-BA61376F6DCB}.Debug|Any CPU.Build.0 = Debug|Any CPU
		{5C078CA4-A98C-4DCD-B949-BA61376F6DCB}.Release|Any CPU.ActiveCfg = Release|Any CPU
		{5C078CA4-A98C-4DCD-B949-BA61376F6DCB}.Release|Any CPU.Build.0 = Release|Any CPU
		{581E4D0F-2A87-4D78-905B-BFCD4D1CB983}.Debug|Any CPU.ActiveCfg = Debug|Any CPU
		{581E4D0F-2A87-4D78-905B-BFCD4D1CB983}.Debug|Any CPU.Build.0 = Debug|Any CPU
		{581E4D0F-2A87-4D78-905B-BFCD4D1CB983}.Release|Any CPU.ActiveCfg = Release|Any CPU
		{581E4D0F-2A87-4D78-905B-BFCD4D1CB983}.Release|Any CPU.Build.0 = Release|Any CPU
	EndGlobalSection
	GlobalSection(SolutionProperties) = preSolution
		HideSolutionNode = FALSE
	EndGlobalSection
EndGlobal
