
Microsoft Visual Studio Solution File, Format Version 12.00
# Visual Studio 14
VisualStudioVersion = 14.0.25123.0
MinimumVisualStudioVersion = 10.0.40219.1
Project("{FAE04EC0-301F-11D3-BF4B-00C04F79EFBC}") = "Aula11.Exemplo", "Aula11.Exemplo\Aula11.Exemplo.csproj", "{CF637769-3F0D-44B8-9EDD-27D4C8F3E04E}"
EndProject
Global
	GlobalSection(SolutionConfigurationPlatforms) = preSolution
		Debug|Any CPU = Debug|Any CPU
		Release|Any CPU = Release|Any CPU
	EndGlobalSection
	GlobalSection(ProjectConfigurationPlatforms) = postSolution
		{CF637769-3F0D-44B8-9EDD-27D4C8F3E04E}.Debug|Any CPU.ActiveCfg = Debug|Any CPU
		{CF637769-3F0D-44B8-9EDD-27D4C8F3E04E}.Debug|Any CPU.Build.0 = Debug|Any CPU
		{CF637769-3F0D-44B8-9EDD-27D4C8F3E04E}.Release|Any CPU.ActiveCfg = Release|Any CPU
		{CF637769-3F0D-44B8-9EDD-27D4C8F3E04E}.Release|Any CPU.Build.0 = Release|Any CPU
	EndGlobalSection
	GlobalSection(SolutionProperties) = preSolution
		HideSolutionNode = FALSE
	EndGlobalSection
EndGlobal
